// !$*UTF8*$!
{
	archiveVersion = 1;
	classes = {
	};
	objectVersion = 55;
	objects = {

/* Begin PBXBuildFile section */
		8970749C2906568400C7ED16 /* BookList.swift in Sources */ = {isa = PBXBuildFile; fileRef = 8970749B2906568400C7ED16 /* BookList.swift */; };
		8970749E2906569000C7ED16 /* BookRow.swift in Sources */ = {isa = PBXBuildFile; fileRef = 8970749D2906569000C7ED16 /* BookRow.swift */; };
		897074A02906569B00C7ED16 /* BookDetail.swift in Sources */ = {isa = PBXBuildFile; fileRef = 8970749F2906569B00C7ED16 /* BookDetail.swift */; };
		897074A2290656B700C7ED16 /* CharacterList.swift in Sources */ = {isa = PBXBuildFile; fileRef = 897074A1290656B700C7ED16 /* CharacterList.swift */; };
		897074A4290656C200C7ED16 /* CharacterRow.swift in Sources */ = {isa = PBXBuildFile; fileRef = 897074A3290656C200C7ED16 /* CharacterRow.swift */; };
		897074A6290656CD00C7ED16 /* CharacterDetail.swift in Sources */ = {isa = PBXBuildFile; fileRef = 897074A5290656CD00C7ED16 /* CharacterDetail.swift */; };
		897074A8290656E500C7ED16 /* Character.swift in Sources */ = {isa = PBXBuildFile; fileRef = 897074A7290656E500C7ED16 /* Character.swift */; };
		897074AA290656F000C7ED16 /* Book.swift in Sources */ = {isa = PBXBuildFile; fileRef = 897074A9290656F000C7ED16 /* Book.swift */; };
		897074AC2906571600C7ED16 /* CharacterViewModel.swift in Sources */ = {isa = PBXBuildFile; fileRef = 897074AB2906571600C7ED16 /* CharacterViewModel.swift */; };
		897074AE2906572300C7ED16 /* BookViewModel.swift in Sources */ = {isa = PBXBuildFile; fileRef = 897074AD2906572300C7ED16 /* BookViewModel.swift */; };
		89F0FB8A290320BD00D9D82F /* Game_Of_ThronesTests.swift in Sources */ = {isa = PBXBuildFile; fileRef = 89F0FB89290320BD00D9D82F /* Game_Of_ThronesTests.swift */; };
		89F2CFF22902B22700E929DE /* GameOfThronesApp.swift in Sources */ = {isa = PBXBuildFile; fileRef = 89F2CFF12902B22700E929DE /* GameOfThronesApp.swift */; };
		89F2CFF42902B22700E929DE /* ContentView.swift in Sources */ = {isa = PBXBuildFile; fileRef = 89F2CFF32902B22700E929DE /* ContentView.swift */; };
		89F2CFF62902B22900E929DE /* Assets.xcassets in Resources */ = {isa = PBXBuildFile; fileRef = 89F2CFF52902B22900E929DE /* Assets.xcassets */; };
		89F2CFF92902B22900E929DE /* Preview Assets.xcassets in Resources */ = {isa = PBXBuildFile; fileRef = 89F2CFF82902B22900E929DE /* Preview Assets.xcassets */; };
		89F2D0012902B23C00E929DE /* HouseList.swift in Sources */ = {isa = PBXBuildFile; fileRef = 89F2D0002902B23C00E929DE /* HouseList.swift */; };
		89F2D0052902B84800E929DE /* House.swift in Sources */ = {isa = PBXBuildFile; fileRef = 89F2D0042902B84800E929DE /* House.swift */; };
		89F2D0072902B85B00E929DE /* HouseViewModel.swift in Sources */ = {isa = PBXBuildFile; fileRef = 89F2D0062902B85B00E929DE /* HouseViewModel.swift */; };
		89F2D00C2902B8E600E929DE /* HousesData.json in Resources */ = {isa = PBXBuildFile; fileRef = 89F2D00B2902B8E600E929DE /* HousesData.json */; };
		89F2D00E2902BAC100E929DE /* HouseRow.swift in Sources */ = {isa = PBXBuildFile; fileRef = 89F2D00D2902BAC100E929DE /* HouseRow.swift */; };
		89F2D0102902BBE700E929DE /* HouseDetail.swift in Sources */ = {isa = PBXBuildFile; fileRef = 89F2D00F2902BBE700E929DE /* HouseDetail.swift */; };
		89F2D0132902CFBA00E929DE /* NetworkingManager.swift in Sources */ = {isa = PBXBuildFile; fileRef = 89F2D0122902CFBA00E929DE /* NetworkingManager.swift */; };
		89F2D0192902EA5700E929DE /* Launch Screen.storyboard in Resources */ = {isa = PBXBuildFile; fileRef = 89F2D0182902EA5600E929DE /* Launch Screen.storyboard */; };
/* End PBXBuildFile section */

/* Begin PBXContainerItemProxy section */
		89F0FB8B290320BD00D9D82F /* PBXContainerItemProxy */ = {
			isa = PBXContainerItemProxy;
			containerPortal = 89F2CFE62902B22700E929DE /* Project object */;
			proxyType = 1;
			remoteGlobalIDString = 89F2CFED2902B22700E929DE;
			remoteInfo = GameOfThrones;
		};
/* End PBXContainerItemProxy section */

/* Begin PBXFileReference section */
		8970749B2906568400C7ED16 /* BookList.swift */ = {isa = PBXFileReference; lastKnownFileType = sourcecode.swift; path = BookList.swift; sourceTree = "<group>"; };
		8970749D2906569000C7ED16 /* BookRow.swift */ = {isa = PBXFileReference; lastKnownFileType = sourcecode.swift; path = BookRow.swift; sourceTree = "<group>"; };
		8970749F2906569B00C7ED16 /* BookDetail.swift */ = {isa = PBXFileReference; lastKnownFileType = sourcecode.swift; path = BookDetail.swift; sourceTree = "<group>"; };
		897074A1290656B700C7ED16 /* CharacterList.swift */ = {isa = PBXFileReference; lastKnownFileType = sourcecode.swift; path = CharacterList.swift; sourceTree = "<group>"; };
		897074A3290656C200C7ED16 /* CharacterRow.swift */ = {isa = PBXFileReference; lastKnownFileType = sourcecode.swift; path = CharacterRow.swift; sourceTree = "<group>"; };
		897074A5290656CD00C7ED16 /* CharacterDetail.swift */ = {isa = PBXFileReference; lastKnownFileType = sourcecode.swift; path = CharacterDetail.swift; sourceTree = "<group>"; };
		897074A7290656E500C7ED16 /* Character.swift */ = {isa = PBXFileReference; lastKnownFileType = sourcecode.swift; path = Character.swift; sourceTree = "<group>"; };
		897074A9290656F000C7ED16 /* Book.swift */ = {isa = PBXFileReference; lastKnownFileType = sourcecode.swift; path = Book.swift; sourceTree = "<group>"; };
		897074AB2906571600C7ED16 /* CharacterViewModel.swift */ = {isa = PBXFileReference; lastKnownFileType = sourcecode.swift; path = CharacterViewModel.swift; sourceTree = "<group>"; };
		897074AD2906572300C7ED16 /* BookViewModel.swift */ = {isa = PBXFileReference; lastKnownFileType = sourcecode.swift; path = BookViewModel.swift; sourceTree = "<group>"; };
		89F0FB87290320BD00D9D82F /* Game Of ThronesTests.xctest */ = {isa = PBXFileReference; explicitFileType = wrapper.cfbundle; includeInIndex = 0; path = "Game Of ThronesTests.xctest"; sourceTree = BUILT_PRODUCTS_DIR; };
		89F0FB89290320BD00D9D82F /* Game_Of_ThronesTests.swift */ = {isa = PBXFileReference; lastKnownFileType = sourcecode.swift; path = Game_Of_ThronesTests.swift; sourceTree = "<group>"; };
		89F2CFEE2902B22700E929DE /* Game Of Thrones.app */ = {isa = PBXFileReference; explicitFileType = wrapper.application; includeInIndex = 0; path = "Game Of Thrones.app"; sourceTree = BUILT_PRODUCTS_DIR; };
		89F2CFF12902B22700E929DE /* GameOfThronesApp.swift */ = {isa = PBXFileReference; lastKnownFileType = sourcecode.swift; path = GameOfThronesApp.swift; sourceTree = "<group>"; };
		89F2CFF32902B22700E929DE /* ContentView.swift */ = {isa = PBXFileReference; lastKnownFileType = sourcecode.swift; path = ContentView.swift; sourceTree = "<group>"; };
		89F2CFF52902B22900E929DE /* Assets.xcassets */ = {isa = PBXFileReference; lastKnownFileType = folder.assetcatalog; path = Assets.xcassets; sourceTree = "<group>"; };
		89F2CFF82902B22900E929DE /* Preview Assets.xcassets */ = {isa = PBXFileReference; lastKnownFileType = folder.assetcatalog; path = "Preview Assets.xcassets"; sourceTree = "<group>"; };
		89F2D0002902B23C00E929DE /* HouseList.swift */ = {isa = PBXFileReference; lastKnownFileType = sourcecode.swift; path = HouseList.swift; sourceTree = "<group>"; };
		89F2D0042902B84800E929DE /* House.swift */ = {isa = PBXFileReference; lastKnownFileType = sourcecode.swift; path = House.swift; sourceTree = "<group>"; };
		89F2D0062902B85B00E929DE /* HouseViewModel.swift */ = {isa = PBXFileReference; lastKnownFileType = sourcecode.swift; path = HouseViewModel.swift; sourceTree = "<group>"; };
		89F2D00B2902B8E600E929DE /* HousesData.json */ = {isa = PBXFileReference; lastKnownFileType = text.json; path = HousesData.json; sourceTree = "<group>"; };
		89F2D00D2902BAC100E929DE /* HouseRow.swift */ = {isa = PBXFileReference; lastKnownFileType = sourcecode.swift; path = HouseRow.swift; sourceTree = "<group>"; };
		89F2D00F2902BBE700E929DE /* HouseDetail.swift */ = {isa = PBXFileReference; lastKnownFileType = sourcecode.swift; path = HouseDetail.swift; sourceTree = "<group>"; };
		89F2D0122902CFBA00E929DE /* NetworkingManager.swift */ = {isa = PBXFileReference; lastKnownFileType = sourcecode.swift; path = NetworkingManager.swift; sourceTree = "<group>"; };
		89F2D0172902E41300E929DE /* Info.plist */ = {isa = PBXFileReference; lastKnownFileType = text.plist; path = Info.plist; sourceTree = "<group>"; };
		89F2D0182902EA5600E929DE /* Launch Screen.storyboard */ = {isa = PBXFileReference; lastKnownFileType = file.storyboard; path = "Launch Screen.storyboard"; sourceTree = "<group>"; };
/* End PBXFileReference section */

/* Begin PBXFrameworksBuildPhase section */
		89F0FB84290320BD00D9D82F /* Frameworks */ = {
			isa = PBXFrameworksBuildPhase;
			buildActionMask = 2147483647;
			files = (
			);
			runOnlyForDeploymentPostprocessing = 0;
		};
		89F2CFEB2902B22700E929DE /* Frameworks */ = {
			isa = PBXFrameworksBuildPhase;
			buildActionMask = 2147483647;
			files = (
			);
			runOnlyForDeploymentPostprocessing = 0;
		};
/* End PBXFrameworksBuildPhase section */

/* Begin PBXGroup section */
		897074992906565F00C7ED16 /* Books */ = {
			isa = PBXGroup;
			children = (
				8970749B2906568400C7ED16 /* BookList.swift */,
				8970749D2906569000C7ED16 /* BookRow.swift */,
				8970749F2906569B00C7ED16 /* BookDetail.swift */,
			);
			path = Books;
			sourceTree = "<group>";
		};
		8970749A2906566700C7ED16 /* Characters */ = {
			isa = PBXGroup;
			children = (
				897074A1290656B700C7ED16 /* CharacterList.swift */,
				897074A3290656C200C7ED16 /* CharacterRow.swift */,
				897074A5290656CD00C7ED16 /* CharacterDetail.swift */,
			);
			path = Characters;
			sourceTree = "<group>";
		};
		89F0FB88290320BD00D9D82F /* Game Of ThronesTests */ = {
			isa = PBXGroup;
			children = (
				89F0FB89290320BD00D9D82F /* Game_Of_ThronesTests.swift */,
			);
			path = "Game Of ThronesTests";
			sourceTree = "<group>";
		};
		89F2CFE52902B22700E929DE = {
			isa = PBXGroup;
			children = (
				89F2CFF02902B22700E929DE /* GameOfThrones */,
				89F0FB88290320BD00D9D82F /* Game Of ThronesTests */,
				89F2CFEF2902B22700E929DE /* Products */,
			);
			sourceTree = "<group>";
		};
		89F2CFEF2902B22700E929DE /* Products */ = {
			isa = PBXGroup;
			children = (
				89F2CFEE2902B22700E929DE /* Game Of Thrones.app */,
				89F0FB87290320BD00D9D82F /* Game Of ThronesTests.xctest */,
			);
			name = Products;
			sourceTree = "<group>";
		};
		89F2CFF02902B22700E929DE /* GameOfThrones */ = {
			isa = PBXGroup;
			children = (
				89F2D0172902E41300E929DE /* Info.plist */,
				89F2D0112902CFA800E929DE /* Utilities */,
				89F2D0082902B87E00E929DE /* ViewModel */,
				89F2D0032902B83300E929DE /* Model */,
				89F2D0022902B81500E929DE /* Resources */,
				89F2CFFF2902B23000E929DE /* Views */,
				89F2CFF12902B22700E929DE /* GameOfThronesApp.swift */,
				89F2CFF32902B22700E929DE /* ContentView.swift */,
				89F2CFF52902B22900E929DE /* Assets.xcassets */,
				89F2CFF72902B22900E929DE /* Preview Content */,
				89F2D0182902EA5600E929DE /* Launch Screen.storyboard */,
			);
			path = GameOfThrones;
			sourceTree = "<group>";
		};
		89F2CFF72902B22900E929DE /* Preview Content */ = {
			isa = PBXGroup;
			children = (
				89F2CFF82902B22900E929DE /* Preview Assets.xcassets */,
			);
			path = "Preview Content";
			sourceTree = "<group>";
		};
		89F2CFFF2902B23000E929DE /* Views */ = {
			isa = PBXGroup;
			children = (
				8970749A2906566700C7ED16 /* Characters */,
				897074992906565F00C7ED16 /* Books */,
				89F2D0092902B8AC00E929DE /* Houses */,
			);
			path = Views;
			sourceTree = "<group>";
		};
		89F2D0022902B81500E929DE /* Resources */ = {
			isa = PBXGroup;
			children = (
				89F2D00B2902B8E600E929DE /* HousesData.json */,
			);
			path = Resources;
			sourceTree = "<group>";
		};
		89F2D0032902B83300E929DE /* Model */ = {
			isa = PBXGroup;
			children = (
				89F2D0042902B84800E929DE /* House.swift */,
				897074A7290656E500C7ED16 /* Character.swift */,
				897074A9290656F000C7ED16 /* Book.swift */,
			);
			path = Model;
			sourceTree = "<group>";
		};
		89F2D0082902B87E00E929DE /* ViewModel */ = {
			isa = PBXGroup;
			children = (
				89F2D0062902B85B00E929DE /* HouseViewModel.swift */,
				897074AB2906571600C7ED16 /* CharacterViewModel.swift */,
				897074AD2906572300C7ED16 /* BookViewModel.swift */,
			);
			path = ViewModel;
			sourceTree = "<group>";
		};
		89F2D0092902B8AC00E929DE /* Houses */ = {
			isa = PBXGroup;
			children = (
				89F2D0002902B23C00E929DE /* HouseList.swift */,
				89F2D00D2902BAC100E929DE /* HouseRow.swift */,
				89F2D00F2902BBE700E929DE /* HouseDetail.swift */,
			);
			path = Houses;
			sourceTree = "<group>";
		};
		89F2D0112902CFA800E929DE /* Utilities */ = {
			isa = PBXGroup;
			children = (
				89F2D0122902CFBA00E929DE /* NetworkingManager.swift */,
			);
			path = Utilities;
			sourceTree = "<group>";
		};
/* End PBXGroup section */

/* Begin PBXNativeTarget section */
		89F0FB86290320BD00D9D82F /* Game Of ThronesTests */ = {
			isa = PBXNativeTarget;
			buildConfigurationList = 89F0FB8D290320BD00D9D82F /* Build configuration list for PBXNativeTarget "Game Of ThronesTests" */;
			buildPhases = (
				89F0FB83290320BD00D9D82F /* Sources */,
				89F0FB84290320BD00D9D82F /* Frameworks */,
				89F0FB85290320BD00D9D82F /* Resources */,
			);
			buildRules = (
			);
			dependencies = (
				89F0FB8C290320BD00D9D82F /* PBXTargetDependency */,
			);
			name = "Game Of ThronesTests";
			productName = "Game Of ThronesTests";
			productReference = 89F0FB87290320BD00D9D82F /* Game Of ThronesTests.xctest */;
			productType = "com.apple.product-type.bundle.unit-test";
		};
		89F2CFED2902B22700E929DE /* GameOfThrones */ = {
			isa = PBXNativeTarget;
			buildConfigurationList = 89F2CFFC2902B22900E929DE /* Build configuration list for PBXNativeTarget "GameOfThrones" */;
			buildPhases = (
				89F2CFEA2902B22700E929DE /* Sources */,
				89F2CFEB2902B22700E929DE /* Frameworks */,
				89F2CFEC2902B22700E929DE /* Resources */,
			);
			buildRules = (
			);
			dependencies = (
			);
			name = GameOfThrones;
			productName = GameOfThrones;
			productReference = 89F2CFEE2902B22700E929DE /* Game Of Thrones.app */;
			productType = "com.apple.product-type.application";
		};
/* End PBXNativeTarget section */

/* Begin PBXProject section */
		89F2CFE62902B22700E929DE /* Project object */ = {
			isa = PBXProject;
			attributes = {
				BuildIndependentTargetsInParallel = 1;
				LastSwiftUpdateCheck = 1320;
				LastUpgradeCheck = 1320;
				TargetAttributes = {
					89F0FB86290320BD00D9D82F = {
						CreatedOnToolsVersion = 13.2.1;
						TestTargetID = 89F2CFED2902B22700E929DE;
					};
					89F2CFED2902B22700E929DE = {
						CreatedOnToolsVersion = 13.2.1;
					};
				};
			};
			buildConfigurationList = 89F2CFE92902B22700E929DE /* Build configuration list for PBXProject "GameOfThrones" */;
			compatibilityVersion = "Xcode 13.0";
			developmentRegion = en;
			hasScannedForEncodings = 0;
			knownRegions = (
				en,
				Base,
			);
			mainGroup = 89F2CFE52902B22700E929DE;
			productRefGroup = 89F2CFEF2902B22700E929DE /* Products */;
			projectDirPath = "";
			projectRoot = "";
			targets = (
				89F2CFED2902B22700E929DE /* GameOfThrones */,
				89F0FB86290320BD00D9D82F /* Game Of ThronesTests */,
			);
		};
/* End PBXProject section */

/* Begin PBXResourcesBuildPhase section */
		89F0FB85290320BD00D9D82F /* Resources */ = {
			isa = PBXResourcesBuildPhase;
			buildActionMask = 2147483647;
			files = (
			);
			runOnlyForDeploymentPostprocessing = 0;
		};
		89F2CFEC2902B22700E929DE /* Resources */ = {
			isa = PBXResourcesBuildPhase;
			buildActionMask = 2147483647;
			files = (
				89F2CFF92902B22900E929DE /* Preview Assets.xcassets in Resources */,
				89F2D00C2902B8E600E929DE /* HousesData.json in Resources */,
				89F2D0192902EA5700E929DE /* Launch Screen.storyboard in Resources */,
				89F2CFF62902B22900E929DE /* Assets.xcassets in Resources */,
			);
			runOnlyForDeploymentPostprocessing = 0;
		};
/* End PBXResourcesBuildPhase section */

/* Begin PBXSourcesBuildPhase section */
		89F0FB83290320BD00D9D82F /* Sources */ = {
			isa = PBXSourcesBuildPhase;
			buildActionMask = 2147483647;
			files = (
				89F0FB8A290320BD00D9D82F /* Game_Of_ThronesTests.swift in Sources */,
			);
			runOnlyForDeploymentPostprocessing = 0;
		};
		89F2CFEA2902B22700E929DE /* Sources */ = {
			isa = PBXSourcesBuildPhase;
			buildActionMask = 2147483647;
			files = (
				897074AA290656F000C7ED16 /* Book.swift in Sources */,
				89F2D0012902B23C00E929DE /* HouseList.swift in Sources */,
				8970749E2906569000C7ED16 /* BookRow.swift in Sources */,
				897074A6290656CD00C7ED16 /* CharacterDetail.swift in Sources */,
				89F2CFF42902B22700E929DE /* ContentView.swift in Sources */,
				897074AE2906572300C7ED16 /* BookViewModel.swift in Sources */,
				897074A2290656B700C7ED16 /* CharacterList.swift in Sources */,
				89F2D0102902BBE700E929DE /* HouseDetail.swift in Sources */,
				8970749C2906568400C7ED16 /* BookList.swift in Sources */,
				897074A4290656C200C7ED16 /* CharacterRow.swift in Sources */,
				897074AC2906571600C7ED16 /* CharacterViewModel.swift in Sources */,
				89F2D0072902B85B00E929DE /* HouseViewModel.swift in Sources */,
				89F2D0052902B84800E929DE /* House.swift in Sources */,
				89F2D0132902CFBA00E929DE /* NetworkingManager.swift in Sources */,
				89F2CFF22902B22700E929DE /* GameOfThronesApp.swift in Sources */,
				897074A8290656E500C7ED16 /* Character.swift in Sources */,
				89F2D00E2902BAC100E929DE /* HouseRow.swift in Sources */,
				897074A02906569B00C7ED16 /* BookDetail.swift in Sources */,
			);
			runOnlyForDeploymentPostprocessing = 0;
		};
/* End PBXSourcesBuildPhase section */

/* Begin PBXTargetDependency section */
		89F0FB8C290320BD00D9D82F /* PBXTargetDependency */ = {
			isa = PBXTargetDependency;
			target = 89F2CFED2902B22700E929DE /* GameOfThrones */;
			targetProxy = 89F0FB8B290320BD00D9D82F /* PBXContainerItemProxy */;
		};
/* End PBXTargetDependency section */

/* Begin XCBuildConfiguration section */
		89F0FB8E290320BD00D9D82F /* Debug */ = {
			isa = XCBuildConfiguration;
			buildSettings = {
				BUNDLE_LOADER = "$(TEST_HOST)";
				CODE_SIGN_STYLE = Automatic;
				CURRENT_PROJECT_VERSION = 1;
				GENERATE_INFOPLIST_FILE = YES;
				MARKETING_VERSION = 1.0;
				PRODUCT_BUNDLE_IDENTIFIER = "mbayi.Game-Of-ThronesTests";
				PRODUCT_NAME = "$(TARGET_NAME)";
				SWIFT_EMIT_LOC_STRINGS = NO;
				SWIFT_VERSION = 5.0;
				TARGETED_DEVICE_FAMILY = "1,2";
				TEST_HOST = "$(BUILT_PRODUCTS_DIR)/Game Of Thrones.app/Game Of Thrones";
			};
			name = Debug;
		};
		89F0FB8F290320BD00D9D82F /* Release */ = {
			isa = XCBuildConfiguration;
			buildSettings = {
				BUNDLE_LOADER = "$(TEST_HOST)";
				CODE_SIGN_STYLE = Automatic;
				CURRENT_PROJECT_VERSION = 1;
				GENERATE_INFOPLIST_FILE = YES;
				MARKETING_VERSION = 1.0;
				PRODUCT_BUNDLE_IDENTIFIER = "mbayi.Game-Of-ThronesTests";
				PRODUCT_NAME = "$(TARGET_NAME)";
				SWIFT_EMIT_LOC_STRINGS = NO;
				SWIFT_VERSION = 5.0;
				TARGETED_DEVICE_FAMILY = "1,2";
				TEST_HOST = "$(BUILT_PRODUCTS_DIR)/Game Of Thrones.app/Game Of Thrones";
			};
			name = Release;
		};
		89F2CFFA2902B22900E929DE /* Debug */ = {
			isa = XCBuildConfiguration;
			buildSettings = {
				ALWAYS_SEARCH_USER_PATHS = NO;
				CLANG_ANALYZER_NONNULL = YES;
				CLANG_ANALYZER_NUMBER_OBJECT_CONVERSION = YES_AGGRESSIVE;
				CLANG_CXX_LANGUAGE_STANDARD = "gnu++17";
				CLANG_CXX_LIBRARY = "libc++";
				CLANG_ENABLE_MODULES = YES;
				CLANG_ENABLE_OBJC_ARC = YES;
				CLANG_ENABLE_OBJC_WEAK = YES;
				CLANG_WARN_BLOCK_CAPTURE_AUTORELEASING = YES;
				CLANG_WARN_BOOL_CONVERSION = YES;
				CLANG_WARN_COMMA = YES;
				CLANG_WARN_CONSTANT_CONVERSION = YES;
				CLANG_WARN_DEPRECATED_OBJC_IMPLEMENTATIONS = YES;
				CLANG_WARN_DIRECT_OBJC_ISA_USAGE = YES_ERROR;
				CLANG_WARN_DOCUMENTATION_COMMENTS = YES;
				CLANG_WARN_EMPTY_BODY = YES;
				CLANG_WARN_ENUM_CONVERSION = YES;
				CLANG_WARN_INFINITE_RECURSION = YES;
				CLANG_WARN_INT_CONVERSION = YES;
				CLANG_WARN_NON_LITERAL_NULL_CONVERSION = YES;
				CLANG_WARN_OBJC_IMPLICIT_RETAIN_SELF = YES;
				CLANG_WARN_OBJC_LITERAL_CONVERSION = YES;
				CLANG_WARN_OBJC_ROOT_CLASS = YES_ERROR;
				CLANG_WARN_QUOTED_INCLUDE_IN_FRAMEWORK_HEADER = YES;
				CLANG_WARN_RANGE_LOOP_ANALYSIS = YES;
				CLANG_WARN_STRICT_PROTOTYPES = YES;
				CLANG_WARN_SUSPICIOUS_MOVE = YES;
				CLANG_WARN_UNGUARDED_AVAILABILITY = YES_AGGRESSIVE;
				CLANG_WARN_UNREACHABLE_CODE = YES;
				CLANG_WARN__DUPLICATE_METHOD_MATCH = YES;
				COPY_PHASE_STRIP = NO;
				DEBUG_INFORMATION_FORMAT = dwarf;
				ENABLE_STRICT_OBJC_MSGSEND = YES;
				ENABLE_TESTABILITY = YES;
				GCC_C_LANGUAGE_STANDARD = gnu11;
				GCC_DYNAMIC_NO_PIC = NO;
				GCC_NO_COMMON_BLOCKS = YES;
				GCC_OPTIMIZATION_LEVEL = 0;
				GCC_PREPROCESSOR_DEFINITIONS = (
					"DEBUG=1",
					"$(inherited)",
				);
				GCC_WARN_64_TO_32_BIT_CONVERSION = YES;
				GCC_WARN_ABOUT_RETURN_TYPE = YES_ERROR;
				GCC_WARN_UNDECLARED_SELECTOR = YES;
				GCC_WARN_UNINITIALIZED_AUTOS = YES_AGGRESSIVE;
				GCC_WARN_UNUSED_FUNCTION = YES;
				GCC_WARN_UNUSED_VARIABLE = YES;
				IPHONEOS_DEPLOYMENT_TARGET = 15.2;
				MTL_ENABLE_DEBUG_INFO = INCLUDE_SOURCE;
				MTL_FAST_MATH = YES;
				ONLY_ACTIVE_ARCH = YES;
				SDKROOT = iphoneos;
				SWIFT_ACTIVE_COMPILATION_CONDITIONS = DEBUG;
				SWIFT_OPTIMIZATION_LEVEL = "-Onone";
			};
			name = Debug;
		};
		89F2CFFB2902B22900E929DE /* Release */ = {
			isa = XCBuildConfiguration;
			buildSettings = {
				ALWAYS_SEARCH_USER_PATHS = NO;
				CLANG_ANALYZER_NONNULL = YES;
				CLANG_ANALYZER_NUMBER_OBJECT_CONVERSION = YES_AGGRESSIVE;
				CLANG_CXX_LANGUAGE_STANDARD = "gnu++17";
				CLANG_CXX_LIBRARY = "libc++";
				CLANG_ENABLE_MODULES = YES;
				CLANG_ENABLE_OBJC_ARC = YES;
				CLANG_ENABLE_OBJC_WEAK = YES;
				CLANG_WARN_BLOCK_CAPTURE_AUTORELEASING = YES;
				CLANG_WARN_BOOL_CONVERSION = YES;
				CLANG_WARN_COMMA = YES;
				CLANG_WARN_CONSTANT_CONVERSION = YES;
				CLANG_WARN_DEPRECATED_OBJC_IMPLEMENTATIONS = YES;
				CLANG_WARN_DIRECT_OBJC_ISA_USAGE = YES_ERROR;
				CLANG_WARN_DOCUMENTATION_COMMENTS = YES;
				CLANG_WARN_EMPTY_BODY = YES;
				CLANG_WARN_ENUM_CONVERSION = YES;
				CLANG_WARN_INFINITE_RECURSION = YES;
				CLANG_WARN_INT_CONVERSION = YES;
				CLANG_WARN_NON_LITERAL_NULL_CONVERSION = YES;
				CLANG_WARN_OBJC_IMPLICIT_RETAIN_SELF = YES;
				CLANG_WARN_OBJC_LITERAL_CONVERSION = YES;
				CLANG_WARN_OBJC_ROOT_CLASS = YES_ERROR;
				CLANG_WARN_QUOTED_INCLUDE_IN_FRAMEWORK_HEADER = YES;
				CLANG_WARN_RANGE_LOOP_ANALYSIS = YES;
				CLANG_WARN_STRICT_PROTOTYPES = YES;
				CLANG_WARN_SUSPICIOUS_MOVE = YES;
				CLANG_WARN_UNGUARDED_AVAILABILITY = YES_AGGRESSIVE;
				CLANG_WARN_UNREACHABLE_CODE = YES;
				CLANG_WARN__DUPLICATE_METHOD_MATCH = YES;
				COPY_PHASE_STRIP = NO;
				DEBUG_INFORMATION_FORMAT = "dwarf-with-dsym";
				ENABLE_NS_ASSERTIONS = NO;
				ENABLE_STRICT_OBJC_MSGSEND = YES;
				GCC_C_LANGUAGE_STANDARD = gnu11;
				GCC_NO_COMMON_BLOCKS = YES;
				GCC_WARN_64_TO_32_BIT_CONVERSION = YES;
				GCC_WARN_ABOUT_RETURN_TYPE = YES_ERROR;
				GCC_WARN_UNDECLARED_SELECTOR = YES;
				GCC_WARN_UNINITIALIZED_AUTOS = YES_AGGRESSIVE;
				GCC_WARN_UNUSED_FUNCTION = YES;
				GCC_WARN_UNUSED_VARIABLE = YES;
				IPHONEOS_DEPLOYMENT_TARGET = 15.2;
				MTL_ENABLE_DEBUG_INFO = NO;
				MTL_FAST_MATH = YES;
				SDKROOT = iphoneos;
				SWIFT_COMPILATION_MODE = wholemodule;
				SWIFT_OPTIMIZATION_LEVEL = "-O";
				VALIDATE_PRODUCT = YES;
			};
			name = Release;
		};
		89F2CFFD2902B22900E929DE /* Debug */ = {
			isa = XCBuildConfiguration;
			buildSettings = {
				ASSETCATALOG_COMPILER_APPICON_NAME = AppIcon;
				ASSETCATALOG_COMPILER_GLOBAL_ACCENT_COLOR_NAME = AccentColor;
				CODE_SIGN_STYLE = Automatic;
				CURRENT_PROJECT_VERSION = 1;
				DEVELOPMENT_ASSET_PATHS = "\"GameOfThrones/Preview Content\"";
				ENABLE_PREVIEWS = YES;
				GENERATE_INFOPLIST_FILE = YES;
				INFOPLIST_FILE = GameOfThrones/Info.plist;
				INFOPLIST_KEY_CFBundleDisplayName = GameOfThrones;
				INFOPLIST_KEY_UIApplicationSceneManifest_Generation = YES;
				INFOPLIST_KEY_UIApplicationSupportsIndirectInputEvents = YES;
				INFOPLIST_KEY_UILaunchStoryboardName = "Launch Screen";
				INFOPLIST_KEY_UISupportedInterfaceOrientations_iPad = "UIInterfaceOrientationPortrait UIInterfaceOrientationPortraitUpsideDown UIInterfaceOrientationLandscapeLeft UIInterfaceOrientationLandscapeRight";
				INFOPLIST_KEY_UISupportedInterfaceOrientations_iPhone = "UIInterfaceOrientationPortrait UIInterfaceOrientationLandscapeLeft UIInterfaceOrientationLandscapeRight";
				LD_RUNPATH_SEARCH_PATHS = (
					"$(inherited)",
					"@executable_path/Frameworks",
				);
				MARKETING_VERSION = 1.0;
				PRODUCT_BUNDLE_IDENTIFIER = mbayi.GameOfThrones;
				PRODUCT_NAME = "Game Of Thrones";
				SWIFT_EMIT_LOC_STRINGS = YES;
				SWIFT_VERSION = 5.0;
				TARGETED_DEVICE_FAMILY = "1,2";
			};
			name = Debug;
		};
		89F2CFFE2902B22900E929DE /* Release */ = {
			isa = XCBuildConfiguration;
			buildSettings = {
				ASSETCATALOG_COMPILER_APPICON_NAME = AppIcon;
				ASSETCATALOG_COMPILER_GLOBAL_ACCENT_COLOR_NAME = AccentColor;
				CODE_SIGN_STYLE = Automatic;
				CURRENT_PROJECT_VERSION = 1;
				DEVELOPMENT_ASSET_PATHS = "\"GameOfThrones/Preview Content\"";
				ENABLE_PREVIEWS = YES;
				GENERATE_INFOPLIST_FILE = YES;
				INFOPLIST_FILE = GameOfThrones/Info.plist;
				INFOPLIST_KEY_CFBundleDisplayName = GameOfThrones;
				INFOPLIST_KEY_UIApplicationSceneManifest_Generation = YES;
				INFOPLIST_KEY_UIApplicationSupportsIndirectInputEvents = YES;
				INFOPLIST_KEY_UILaunchStoryboardName = "Launch Screen";
				INFOPLIST_KEY_UISupportedInterfaceOrientations_iPad = "UIInterfaceOrientationPortrait UIInterfaceOrientationPortraitUpsideDown UIInterfaceOrientationLandscapeLeft UIInterfaceOrientationLandscapeRight";
				INFOPLIST_KEY_UISupportedInterfaceOrientations_iPhone = "UIInterfaceOrientationPortrait UIInterfaceOrientationLandscapeLeft UIInterfaceOrientationLandscapeRight";
				LD_RUNPATH_SEARCH_PATHS = (
					"$(inherited)",
					"@executable_path/Frameworks",
				);
				MARKETING_VERSION = 1.0;
				PRODUCT_BUNDLE_IDENTIFIER = mbayi.GameOfThrones;
				PRODUCT_NAME = "Game Of Thrones";
				SWIFT_EMIT_LOC_STRINGS = YES;
				SWIFT_VERSION = 5.0;
				TARGETED_DEVICE_FAMILY = "1,2";
			};
			name = Release;
		};
/* End XCBuildConfiguration section */

/* Begin XCConfigurationList section */
		89F0FB8D290320BD00D9D82F /* Build configuration list for PBXNativeTarget "Game Of ThronesTests" */ = {
			isa = XCConfigurationList;
			buildConfigurations = (
				89F0FB8E290320BD00D9D82F /* Debug */,
				89F0FB8F290320BD00D9D82F /* Release */,
			);
			defaultConfigurationIsVisible = 0;
			defaultConfigurationName = Release;
		};
		89F2CFE92902B22700E929DE /* Build configuration list for PBXProject "GameOfThrones" */ = {
			isa = XCConfigurationList;
			buildConfigurations = (
				89F2CFFA2902B22900E929DE /* Debug */,
				89F2CFFB2902B22900E929DE /* Release */,
			);
			defaultConfigurationIsVisible = 0;
			defaultConfigurationName = Release;
		};
		89F2CFFC2902B22900E929DE /* Build configuration list for PBXNativeTarget "GameOfThrones" */ = {
			isa = XCConfigurationList;
			buildConfigurations = (
				89F2CFFD2902B22900E929DE /* Debug */,
				89F2CFFE2902B22900E929DE /* Release */,
			);
			defaultConfigurationIsVisible = 0;
			defaultConfigurationName = Release;
		};
/* End XCConfigurationList section */
	};
	rootObject = 89F2CFE62902B22700E929DE /* Project object */;
}
